<?xml version="1.0" encoding="utf-8"?>
<Project ToolsVersion="4.0" xmlns="http://schemas.microsoft.com/developer/msbuild/2003">
  <ItemGroup>
    <Filter Include="src">
    </Filter>
    <Filter Include="externals">
    </Filter>
    <Filter Include="src\Toptest">
      <UniqueIdentifier>{4fb0400d-f949-45b5-ba85-3ac7a25de4ef}</UniqueIdentifier>
    </Filter>
    <Filter Include="src\Math">
      <UniqueIdentifier>{0595d4dc-2101-4ef4-b421-7628eabeb4a9}</UniqueIdentifier>
    </Filter>
    <Filter Include="src\XML">
      <UniqueIdentifier>{5845398d-bc09-4419-9134-249351b5f03f}</UniqueIdentifier>
    </Filter>
    <Filter Include="src\Tebo">
      <UniqueIdentifier>{b1a26e21-938a-48fc-a097-f2c2d16dc224}</UniqueIdentifier>
    </Filter>
  </ItemGroup>
  <ItemGroup>
    <ClInclude Include="ToptestSpace.hpp">
      <Filter>src\Toptest</Filter>
    </ClInclude>
    <ClInclude Include="ToptestBoardview.hpp">
      <Filter>src\Toptest</Filter>
    </ClInclude>
    <ClInclude Include="ToptestWriter.hpp">
      <Filter>src\Toptest</Filter>
    </ClInclude>
    <ClInclude Include="Angle.hpp">
      <Filter>src\Math</Filter>
    </ClInclude>
    <ClInclude Include="Box2.hpp">
      <Filter>src\Math</Filter>
    </ClInclude>
    <ClInclude Include="Vector2.hpp">
      <Filter>src\Math</Filter>
    </ClInclude>
    <ClInclude Include="BoardviewSpace.hpp">
      <Filter>src</Filter>
    </ClInclude>
    <ClInclude Include="XMLBrowser.hpp">
      <Filter>src\XML</Filter>
    </ClInclude>
    <ClInclude Include="Edge2.hpp">
      <Filter>src\Math</Filter>
    </ClInclude>
    <ClInclude Include="Matrix23.hpp">
      <Filter>src\Math</Filter>
    </ClInclude>
    <ClInclude Include="Math.hpp">
      <Filter>src\Math</Filter>
    </ClInclude>
    <ClInclude Include="ToptestEagleImporter.hpp">
      <Filter>src\Toptest</Filter>
    </ClInclude>
    <ClInclude Include="Fixed32.hpp">
      <Filter>src\Tebo</Filter>
    </ClInclude>
    <ClInclude Include="StreamReader.hpp">
      <Filter>src\Tebo</Filter>
    </ClInclude>
    <ClInclude Include="TeboBoard.hpp">
      <Filter>src\Tebo</Filter>
    </ClInclude>
    <ClInclude Include="ToptestTeboImporter.hpp">
      <Filter>src\Toptest</Filter>
    </ClInclude>
    <ClInclude Include="Common.hpp">
      <Filter>src</Filter>
    </ClInclude>
    <ClInclude Include="OutlineBuilder.hpp">
      <Filter>src</Filter>
    </ClInclude>
    <ClInclude Include="BoardFormat.hpp">
      <Filter>src</Filter>
    </ClInclude>
    <ClInclude Include="BoardFormatRegistrator.hpp">
      <Filter>src</Filter>
    </ClInclude>
    <ClInclude Include="DynamicConvertible.hpp">
      <Filter>src</Filter>
    </ClInclude>
  </ItemGroup>
  <ItemGroup>
    <ClCompile Include="eagleview.cpp">
      <Filter>src</Filter>
    </ClCompile>
    <ClCompile Include="BoardFormat.cpp">
      <Filter>src</Filter>
    </ClCompile>
    <ClCompile Include="BoardFormatRegistrator.cpp">
      <Filter>src</Filter>
    </ClCompile>
  </ItemGroup>
  <ItemGroup>
    <Natvis Include="eagleview.natvis" />
  </ItemGroup>
</Project>